
Microsoft Visual Studio Solution File, Format Version 12.00
# Visual Studio Version 16
VisualStudioVersion = 16.0.30413.136
MinimumVisualStudioVersion = 10.0.40219.1
Project("{FAE04EC0-301F-11D3-BF4B-00C04F79EFBC}") = "GeradorCSV", "GeradorCSV\GeradorCSV.csproj", "{B1AD0787-C63A-4947-8AA4-F0A71F6BDDF6}"
EndProject
Global
	GlobalSection(SolutionConfigurationPlatforms) = preSolution
		Debug|Any CPU = Debug|Any CPU
		Release|Any CPU = Release|Any CPU
	EndGlobalSection
	GlobalSection(ProjectConfigurationPlatforms) = postSolution
		{B1AD0787-C63A-4947-8AA4-F0A71F6BDDF6}.Debug|Any CPU.ActiveCfg = Debug|Any CPU
		{B1AD0787-C63A-4947-8AA4-F0A71F6BDDF6}.Debug|Any CPU.Build.0 = Debug|Any CPU
		{B1AD0787-C63A-4947-8AA4-F0A71F6BDDF6}.Release|Any CPU.ActiveCfg = Release|Any CPU
		{B1AD0787-C63A-4947-8AA4-F0A71F6BDDF6}.Release|Any CPU.Build.0 = Release|Any CPU
	EndGlobalSection
	GlobalSection(SolutionProperties) = preSolution
		HideSolutionNode = FALSE
	EndGlobalSection
	GlobalSection(ExtensibilityGlobals) = postSolution
		SolutionGuid = {1961F353-1E93-47F8-8B5C-929421937A51}
	EndGlobalSection
EndGlobal
